
Microsoft Visual Studio Solution File, Format Version 12.00
Project("{FAE04EC0-301F-11D3-BF4B-00C04F79EFBC}") = "bare-bones-web-app", "bare-bones-web-app\bare-bones-web-app.csproj", "{1745FE70-7815-4316-99BA-6AA972517EF0}"
EndProject
Global
	GlobalSection(SolutionConfigurationPlatforms) = preSolution
		Debug|Any CPU = Debug|Any CPU
		Release|Any CPU = Release|Any CPU
	EndGlobalSection
	GlobalSection(ProjectConfigurationPlatforms) = postSolution
		{1745FE70-7815-4316-99BA-6AA972517EF0}.Debug|Any CPU.ActiveCfg = Debug|Any CPU
		{1745FE70-7815-4316-99BA-6AA972517EF0}.Debug|Any CPU.Build.0 = Debug|Any CPU
		{1745FE70-7815-4316-99BA-6AA972517EF0}.Release|Any CPU.ActiveCfg = Release|Any CPU
		{1745FE70-7815-4316-99BA-6AA972517EF0}.Release|Any CPU.Build.0 = Release|Any CPU
	EndGlobalSection
EndGlobal
